version = 1
revision = 3
requires-python = ">=3.10"

[[package]]
name = "anyio"
version = "4.9.0"
source = { registry = "https://pypi.org/simple" }
dependencies = [
    { name = "exceptiongroup", marker = "python_full_version < '3.11'" },
    { name = "idna" },
    { name = "sniffio" },
    { name = "typing-extensions", marker = "python_full_version < '3.13'" },
]
sdist = { url = "https://files.pythonhosted.org/packages/95/7d/4c1bd541d4dffa1b52bd83fb8527089e097a106fc90b467a7313b105f840/anyio-4.9.0.tar.gz", hash = "sha256:673c0c244e15788651a4ff38710fea9675823028a6f08a5eda409e0c9840a028", size = 190949, upload-time = "2025-03-17T00:02:54.77Z" }
wheels = [
    { url = "https://files.pythonhosted.org/packages/a1/ee/48ca1a7c89ffec8b6a0c5d02b89c305671d5ffd8d3c94acf8b8c408575bb/anyio-4.9.0-py3-none-any.whl", hash = "sha256:9f76d541cad6e36af7beb62e978876f3b41e3e04f2c1fbf0884604c0a9c4d93c", size = 100916, upload-time = "2025-03-17T00:02:52.713Z" },
]

[[package]]
name = "biblionix"
version = "2026.0"
source = { editable = "." }
dependencies = [
    { name = "httpx" },
]

[package.dev-dependencies]
dev = [
    { name = "ruff" },
    { name = "ty" },
    { name = "uv-build" },
]

[package.metadata]
requires-dist = [{ name = "httpx", specifier = ">=0.28.1" }]

[package.metadata.requires-dev]
dev = [
    { name = "ruff", specifier = ">=0.16.5" },
    { name = "ty", specifier = ">=0.0.9" },
    { name = "uv-build", specifier = ">=0.9.22" },
]

[[package]]
name = "certifi"
version = "2026.7.22"
source = { registry = "https://pypi.org/simple" }
sdist = { url = "https://files.pythonhosted.org/packages/a3/c2/24167ea9858356b47a87a50d39908bfdb72ceeefe0041586e704e5376b3a/certifi-2026.7.22.tar.gz", hash = "sha256:741e2c3b351ddf169a738da9f2c048608ff7f2c5cc02f1ebc6b118bb090d5d55", size = 138112, upload-time = "2026-07-22T03:35:12.644Z" }
wheels = [
    { url = "https://files.pythonhosted.org/packages/0b/a7/71ac2cff56fec219ed242bb11b8efb69fcc4bec75db06fb7bfe35de520e6/certifi-2026.7.22-py3-none-any.whl", hash = "sha256:62f22742b58a1a33014a2b6b706588a8d7e2a88ae7bd1a6ebe8c992928483775", size = 136983, upload-time = "2026-07-22T03:35:11.276Z" },
]

[[package]]
name = "exceptiongroup"
version = "1.3.1"
source = { registry = "https://pypi.org/simple" }
dependencies = [
    { name = "typing-extensions" },
]
sdist = { url = "https://files.pythonhosted.org/packages/50/79/66800aadf48771f6b62f7eb014e352e5d06856655206165d775e675a02c9/exceptiongroup-1.3.1.tar.gz", hash = "sha256:8b412432c6055b0b7d14c310000ae93352ed6754f70fa8f7c34141f91c4e3219", size = 30371, upload-time = "2025-11-21T23:01:54.787Z" }
wheels = [
    { url = "https://files.pythonhosted.org/packages/8a/0e/97c33bf5009bdbac74fd2beace167cab3f978feb69cc36f1ef79360d6c4e/exceptiongroup-1.3.1-py3-none-any.whl", hash = "sha256:a7a39a3bd276781e98394987d3a5701d0c4edffb633bb7a5144577f82c773598", size = 16740, upload-time = "2025-11-21T23:01:53.443Z" },
]

[[package]]
name = "h11"
version = "0.16.0"
source = { registry = "https://pypi.org/simple" }
sdist = { url = "https://files.pythonhosted.org/packages/01/ee/02a2c011bdab74c6fb3c75474d40b3052059d95df7e73351460c8588d963/h11-0.16.0.tar.gz", hash = "sha256:4e35b956cf45792e4caa5885e69fba00bdbc6ffafbfa020300e549b208ee5ff1", size = 101250, upload-time = "2025-04-24T03:35:25.427Z" }
wheels = [
    { url = "https://files.pythonhosted.org/packages/04/4b/29cac41a4d98d144bf5f6d33995617b185d14b22401f75ca86f384e87ff1/h11-0.16.0-py3-none-any.whl", hash = "sha256:63cf8bbe7522de3bf65932fda1d9c2772064ffb3dae62d55932da54b31cb6c86", size = 37515, upload-time = "2025-04-24T03:35:24.344Z" },
]

[[package]]
name = "httpcore"
version = "1.0.9"
source = { registry = "https://pypi.org/simple" }
dependencies = [
    { name = "certifi" },
    { name = "h11" },
]
sdist = { url = "https://files.pythonhosted.org/packages/06/94/82699a10bca87a5556c9c59b5963f2d039dbd239f25bc2a63907a05a14cb/httpcore-1.0.9.tar.gz", hash = "sha256:6e34463af53fd2ab5d807f399a9b45ea31c3dfa2276f15a2c3f00afff6e176e8", size = 85484, upload-time = "2025-04-24T22:06:22.219Z" }
wheels = [
    { url = "https://files.pythonhosted.org/packages/7e/f5/f66802a942d491edb555dd61e3a9961140fd64c90bce1eafd741609d334d/httpcore-1.0.9-py3-none-any.whl", hash = "sha256:2d400746a40668fc9dec9810239072b40b4484b640a8c38fd654a024c7a1bf55", size = 78784, upload-time = "2025-04-24T22:06:20.566Z" },
]

[[package]]
name = "httpx"
version = "0.28.1"
source = { registry = "https://pypi.org/simple" }
dependencies = [
    { name = "anyio" },
    { name = "certifi" },
    { name = "httpcore" },
    { name = "idna" },
]
sdist = { url = "https://files.pythonhosted.org/packages/b1/df/48c586a5fe32a0f01324ee087459e112ebb7224f646c0b5023f5e79e9956/httpx-0.28.1.tar.gz", hash = "sha256:75e98c5f16b0f35b567856f597f06ff2270a374470a5c2392242528e3e3e42fc", size = 141406, upload-time = "2024-12-06T15:37:23.222Z" }
wheels = [
    { url = "https://files.pythonhosted.org/packages/2a/39/e50c7c3a983047577ee07d2a9e53faf5a69493943ec3f6a384bdc792deb2/httpx-0.28.1-py3-none-any.whl", hash = "sha256:d909fcccc110f8c7faf814ca82a9a4d816bc5a6dbfea25d6591d6985b8ba59ad", size = 73517, upload-time = "2024-12-06T15:37:21.509Z" },
]

[[package]]
name = "idna"
version = "3.10"
source = { registry = "https://pypi.org/simple" }
sdist = { url = "https://files.pythonhosted.org/packages/f1/70/7703c29685631f5a7590aa73f1f1d3fa9a380e654b86af429e0934a32f7d/idna-3.10.tar.gz", hash = "sha256:12f65c9b470abda6dc35cf8e63cc574b1c52b11df2c86030af0ac09b01b13ea9", size = 190490, upload-time = "2024-09-15T18:07:39.745Z" }
wheels = [
    { url = "https://files.pythonhosted.org/packages/76/c6/c88e154df9c4e1a2a66ccf0005a88dfb2650c1dffb6f5ce603dfbd452ce3/idna-3.10-py3-none-any.whl", hash = "sha256:946d195a0d259cbba61165e88e65941f16e9b36ea6ddb97f00452bae8b1287d3", size = 70442, upload-time = "2024-09-15T18:07:37.964Z" },
]

[[package]]
name = "ruff"
version = "0.16.5"
source = { registry = "https://pypi.org/simple" }
sdist = { url = "https://files.pythonhosted.org/packages/f3/85/c8e12473c93018f92d19dd988a294202e1c27426c47ec4de53ffb847b8d8/ruff-0.16.5.tar.gz", hash = "sha256:1b88500f9ffbcab3dedb0082c9f9492e91ec3d618aac1236a3e0189938f7040b", size = 4912003, upload-time = "2026-08-27T16:34:18.258Z" }
wheels = [
    { url = "https://files.pythonhosted.org/packages/c6/b6/77c90a970fe2dae17a723acbd011043ea97c98d7deacccefdc4ba74ec512/ruff-0.16.5-py3-none-linux_armv6l.whl", hash = "sha256:12e5f673e774c35fbb62f288809c7653b73445f8ecec6b6063fd6ea3521aa14b", size = 10011941, upload-time = "2026-08-27T16:33:41.287Z" },
    { url = "https://files.pythonhosted.org/packages/4b/46/6cf67cf6411885a1d6f7f6d801682f155536a85176d10b605e2ceffed8bd/ruff-0.16.5-py3-none-macosx_10_12_x86_64.whl", hash = "sha256:eda58a5802de40e7ed5b32b64e0b32539338cc6fcd2c78f61e3ad6a0d79f51c3", size = 10204049, upload-time = "2026-08-27T16:33:44.056Z" },
    { url = "https://files.pythonhosted.org/packages/46/fd/c8720ca7a090abf0c2fef4abe8a5ef6e5127ed15196d8886ff75a2b370e2/ruff-0.16.5-py3-none-macosx_11_0_arm64.whl", hash = "sha256:c5ae9a7b9a8875131f40f8fe967cc86abf899779efd663cb7ce3d572d01da7eb", size = 9809037, upload-time = "2026-08-27T16:33:46.257Z" },
    { url = "https://files.pythonhosted.org/packages/43/45/a684caacdedaca180f52bacccc40bf0789d2c5a7c75f25324853e9eaedb5/ruff-0.16.5-py3-none-manylinux_2_17_aarch64.manylinux2014_aarch64.whl", hash = "sha256:7b719b0a1f4d59710d283ab2965f621684a108a9e41da622e3b23f0326cd0025", size = 9964129, upload-time = "2026-08-27T16:33:48.352Z" },
    { url = "https://files.pythonhosted.org/packages/9e/f2/5d2bcdaca6b5b93d1b4dfc166cd2aebf7680143a1b38a28759df13a94d31/ruff-0.16.5-py3-none-manylinux_2_17_armv7l.manylinux2014_armv7l.whl", hash = "sha256:2298f2780ed1be0c5cb1361e32ab7b1467f3cce7dabe101d2210a314f2fe42e9", size = 9821518, upload-time = "2026-08-27T16:33:50.57Z" },
    { url = "https://files.pythonhosted.org/packages/aa/ff/011cce29accf9257d5974145b733fc653a37985ed6825413a3987cefbfe0/ruff-0.16.5-py3-none-manylinux_2_17_i686.manylinux2014_i686.whl", hash = "sha256:258f29035a2dd021e7861e631b227a5b3f14e50c1184c9a6a122c5f4576154d7", size = 10534835, upload-time = "2026-08-27T16:33:52.522Z" },
    { url = "https://files.pythonhosted.org/packages/d7/5a/f0cf109bada9bba0e96c90c21c9f9251803f57225c32d293327a03c710d6/ruff-0.16.5-py3-none-manylinux_2_17_ppc64le.manylinux2014_ppc64le.whl", hash = "sha256:b9a4f0432966834019c74d1b7e5c51224305d7713f3d7faf3e7451f1a3be3cde", size = 11252550, upload-time = "2026-08-27T16:33:54.521Z" },
    { url = "https://files.pythonhosted.org/packages/63/4d/1d481aaea2046c6a7ed7c291f9004c669cce3c087b6b376ed5b08271e3fe/ruff-0.16.5-py3-none-manylinux_2_17_s390x.manylinux2014_s390x.whl", hash = "sha256:b5eb3a8c3d0ade9cea42b591fd530368e8798380e30e0a308b85a5cf718f09ea", size = 10777949, upload-time = "2026-08-27T16:33:56.88Z" },
    { url = "https://files.pythonhosted.org/packages/ee/34/ee245ca55f64443233034b3d02b03236b19242004281247c079390b7facd/ruff-0.16.5-py3-none-manylinux_2_17_x86_64.manylinux2014_x86_64.whl", hash = "sha256:ef0f69e191a13a3c9816f63163c88790cb12cd157bbbb384e9c44745702ab105", size = 10311656, upload-time = "2026-08-27T16:33:59.12Z" },
    { url = "https://files.pythonhosted.org/packages/a7/4d/c33a333e341c0a2b96c715b52d89a606f5a34cd4ac493cd9b8d0187186b8/ruff-0.16.5-py3-none-manylinux_2_31_riscv64.whl", hash = "sha256:0eeab41fbea2c42f98dfb9822cdccda9d24ba38d49f6dc945b5c236d48f0ef29", size = 10532125, upload-time = "2026-08-27T16:34:01.166Z" },
    { url = "https://files.pythonhosted.org/packages/30/e1/a64cef78b40192497bb98a27a8aa8f2c98ee9ee15bc97f7712d94ef32937/ruff-0.16.5-py3-none-musllinux_1_2_aarch64.whl", hash = "sha256:f0768e9df4300713fff30733c87575f68b6f1d8de41184e505b7fdd9c0c95eaf", size = 10097648, upload-time = "2026-08-27T16:34:03.16Z" },
    { url = "https://files.pythonhosted.org/packages/cc/4e/4cdc9ed3c3e109d2f71e62572a37457298d7bc7501ec3138babb7ed32bbd/ruff-0.16.5-py3-none-musllinux_1_2_armv7l.whl", hash = "sha256:95cc70cdc7aa80c338de356279d2adbeb2de0f520b9ecd8aba75b94e95e02f91", size = 9829344, upload-time = "2026-08-27T16:34:05.134Z" },
    { url = "https://files.pythonhosted.org/packages/39/4a/31ed35ce31729955fc583ee0d176d6e784c1290cb0b0a75cb2134c1ab72a/ruff-0.16.5-py3-none-musllinux_1_2_i686.whl", hash = "sha256:d185c8398ded1bfd91c0c2cb258346307571eccc473a8490af8c3977399c384a", size = 10277117, upload-time = "2026-08-27T16:34:07.425Z" },
    { url = "https://files.pythonhosted.org/packages/a8/a0/60356d86687b4b666d593df213f4dc3041750d024cb7bf2cfa81cfd65c2e/ruff-0.16.5-py3-none-musllinux_1_2_x86_64.whl", hash = "sha256:fb8e3a3c4c6a784150a7ced53b015f4b253fc2bf97a610886419ead64b4756ef", size = 10711653, upload-time = "2026-08-27T16:34:09.712Z" },
    { url = "https://files.pythonhosted.org/packages/ed/20/656d67f5b25ca9bda4e02b1de25867b2954e1d19e03648060f167ad0f4cc/ruff-0.16.5-py3-none-win32.whl", hash = "sha256:288b0a5f080492fe5635db849f9e2e84aa3cce7b7f0e955997d416c507c76a26", size = 10034250, upload-time = "2026-08-27T16:34:11.8Z" },
    { url = "https://files.pythonhosted.org/packages/5b/42/ee8e68a207b9127fcde6c3d7e197def432f346cb1af159e1fa14ca0d1cdc/ruff-0.16.5-py3-none-win_amd64.whl", hash = "sha256:ddc6385fb2137f616357ca03d6c74f4be987f80fed4008566b754f6032b8546f", size = 10516714, upload-time = "2026-08-27T16:34:13.963Z" },
    { url = "https://files.pythonhosted.org/packages/73/e3/7df5a396e445b9ba49ce9a9437439a4d80042c61c0ade199abf8d16de1ac/ruff-0.16.5-py3-none-win_arm64.whl", hash = "sha256:a64abe90968719b851bb7cedffaa8753fbdbdadab483089682db623f3edc587e", size = 10391564, upload-time = "2026-08-27T16:34:16.064Z" },
]

[[package]]
name = "sniffio"
version = "1.3.1"
source = { registry = "https://pypi.org/simple" }
sdist = { url = "https://files.pythonhosted.org/packages/a2/87/a6771e1546d97e7e041b6ae58d80074f81b7d5121207425c964ddf5cfdbd/sniffio-1.3.1.tar.gz", hash = "sha256:f4324edc670a0f49750a81b895f35c3adb843cca46f0530f79fc1babb23789dc", size = 20372, upload-time = "2024-02-25T23:20:04.057Z" }
wheels = [
    { url = "https://files.pythonhosted.org/packages/e9/44/75a9c9421471a6c4805dbf2356f7c181a29c1879239abab1ea2cc8f38b40/sniffio-1.3.1-py3-none-any.whl", hash = "sha256:2f6da418d1f1e0fddd844478f41680e794e6051915791a034ff65e5f100525a2", size = 10235, upload-time = "2024-02-25T23:20:01.196Z" },
]

[[package]]
name = "ty"
version = "0.0.75"
source = { registry = "https://pypi.org/simple" }
sdist = { url = "https://files.pythonhosted.org/packages/81/d0/d0c96f898d6974a4a3569ab3efdf9512c04ad99f9203effb55f72497fe97/ty-0.0.75.tar.gz", hash = "sha256:4c5eead33dfbf6e2ebb4f400f74b51ffc9bab702a6f23ddb648a1cbb740387e3", size = 6868326, upload-time = "2026-08-26T20:23:40.399Z" }
wheels = [
    { url = "https://files.pythonhosted.org/packages/cb/6c/b12d03505f17581f0cfa3c12273fe34c1d67b36dfda1bc561a6bdc16512b/ty-0.0.75-py3-none-linux_armv6l.whl", hash = "sha256:e5409f50db2246fd4bd039d93d261e0cfa1daa554a4fb77256f91072c570349a", size = 12972606, upload-time = "2026-08-26T20:22:59.716Z" },
    { url = "https://files.pythonhosted.org/packages/d1/aa/30f11eecd9215a9f87e8fe8baaf48f3ce905f5d75b8e4aac70f0091f130c/ty-0.0.75-py3-none-macosx_10_12_x86_64.whl", hash = "sha256:5e7b8b3472fb9bb2eeab314984b265df08a7a9d518867a9e6020eebc06570be2", size = 12527158, upload-time = "2026-08-26T20:23:02.767Z" },
    { url = "https://files.pythonhosted.org/packages/f2/11/7fd7001b0b5c6610bfbad7357e47d5fe6f82d4e84e94c53776a478f5e9f8/ty-0.0.75-py3-none-macosx_11_0_arm64.whl", hash = "sha256:c6ccf34169821fe0d23e3360deeef981d217963412f1d087b9bdd32ec57f7a57", size = 12400533, upload-time = "2026-08-26T20:23:04.965Z" },
    { url = "https://files.pythonhosted.org/packages/fd/7f/1e284ea3d348d7be02f12d83bc22ed9ef193033f863f05b64db99027f141/ty-0.0.75-py3-none-manylinux_2_17_aarch64.manylinux2014_aarch64.whl", hash = "sha256:842ebb41e9c6c334b40768704e20b1a69d5c6b08805b289d5e0e2565f49f2de1", size = 12420592, upload-time = "2026-08-26T20:23:07.427Z" },
    { url = "https://files.pythonhosted.org/packages/2d/ab/d813271543370c47fd74b5118f2066ab32b0983e907b1821f3f9a6d0fa7f/ty-0.0.75-py3-none-manylinux_2_17_armv7l.manylinux2014_armv7l.whl", hash = "sha256:cf7a5a723c5f1e0fab4ffbfe9bd95123a526ed48f206e5f25cb2161ca294007a", size = 12739219, upload-time = "2026-08-26T20:23:09.809Z" },
    { url = "https://files.pythonhosted.org/packages/31/5b/95b49cc5570fd92a7bf63732f649b31906158721e03c7fcb1b5be74ee3bf/ty-0.0.75-py3-none-manylinux_2_17_i686.manylinux2014_i686.whl", hash = "sha256:54382f98e5da292fcd7104391afef5105c35bb2f312e29bea6f5fa419935255c", size = 13494046, upload-time = "2026-08-26T20:23:12.191Z" },
    { url = "https://files.pythonhosted.org/packages/2c/0d/502d2dd68173cf020e1ad2bdbab9544c86776de0b0e2ed15f8c2fe006e3d/ty-0.0.75-py3-none-manylinux_2_17_ppc64le.manylinux2014_ppc64le.whl", hash = "sha256:ac13b180dc2aade2cd243f56b01650e78bf091a2e522ad3bc947245d7837c613", size = 13938899, upload-time = "2026-08-26T20:23:14.764Z" },
    { url = "https://files.pythonhosted.org/packages/20/5b/f3b12a25c07224456219fc2bd20db0ad7e40b304be0ff6aad728da0135f9/ty-0.0.75-py3-none-manylinux_2_17_s390x.manylinux2014_s390x.whl", hash = "sha256:752df7951a443219d7f1ff817e3723c85d428565ff449e08a7a93ba821661526", size = 13656711, upload-time = "2026-08-26T20:23:17.145Z" },
    { url = "https://files.pythonhosted.org/packages/51/7b/f090ad306e2b15a07b332d647138c5264b89d9758855ecce8b8a10bcb153/ty-0.0.75-py3-none-manylinux_2_17_x86_64.manylinux2014_x86_64.whl", hash = "sha256:1fd399feedf7cee816563c1baec45fc1c0b3c89f1ea42364920b688004b5b7da", size = 13093499, upload-time = "2026-08-26T20:23:19.489Z" },
    { url = "https://files.pythonhosted.org/packages/f1/4b/f69b99aaaca0c7c65d5f114b186b26b21666f767b0c69eec99a2bdccc061/ty-0.0.75-py3-none-manylinux_2_31_riscv64.whl", hash = "sha256:d7625f6f56c7dc1e873579fdc9e432a0e21e302afe847ab60704d2303442a92e", size = 13520580, upload-time = "2026-08-26T20:23:21.789Z" },
    { url = "https://files.pythonhosted.org/packages/b6/e7/692c5f905c0345a15d2255fc74066d660f030254ae8dcdaf33f5a5c2f279/ty-0.0.75-py3-none-musllinux_1_2_aarch64.whl", hash = "sha256:89e7d527e95a2534b70cae29e94c104b84082760ea05927d23bb87280969c104", size = 12524095, upload-time = "2026-08-26T20:23:24.026Z" },
    { url = "https://files.pythonhosted.org/packages/ba/9a/f42b12cf265ea95344bf554764c4791cfb273bdd628aadd7c209af7cadc3/ty-0.0.75-py3-none-musllinux_1_2_armv7l.whl", hash = "sha256:0843f134440740706e01bee5f88f4cfc10e9b018bddb9e4ef4c12dc9fc0c9aef", size = 12756591, upload-time = "2026-08-26T20:23:26.126Z" },
    { url = "https://files.pythonhosted.org/packages/7c/5e/9b180c133cb9cce48179a7d2bf9e1802d992aa8176a918e0e05205760b42/ty-0.0.75-py3-none-musllinux_1_2_i686.whl", hash = "sha256:1bd0ec0e50ee1376875c88891efe6f549c3560fa5b2ddad79a425cd5a6218b9c", size = 12998754, upload-time = "2026-08-26T20:23:28.353Z" },
    { url = "https://files.pythonhosted.org/packages/39/f6/3c6ef5dd550103e29905121c67fb96a374564f31a2f44c6faa1af98c2d61/ty-0.0.75-py3-none-musllinux_1_2_x86_64.whl", hash = "sha256:1f9eafd561f90110d5e29f589ec3e956c4686e2f6631348d99276436f5cbe4d1", size = 13316474, upload-time = "2026-08-26T20:23:30.857Z" },
    { url = "https://files.pythonhosted.org/packages/bb/52/12776337874c821076bd5368e352ccd9e67174790abe3b856f749cb3524b/ty-0.0.75-py3-none-win32.whl", hash = "sha256:05063a6fafe2154b794a7f964515d148e51acd186d72d4a3acd347ee9fa19336", size = 12316315, upload-time = "2026-08-26T20:23:33.528Z" },
    { url = "https://files.pythonhosted.org/packages/53/e6/bb51e16af5c7138c9f52f8f3d0a401a371c6798d092e3b74926f186a9814/ty-0.0.75-py3-none-win_amd64.whl", hash = "sha256:81cf1ba5f6b7536ad56747865214255d9bc8e80533a689dbb9ddeaad464b09f1", size = 12917267, upload-time = "2026-08-26T20:23:35.978Z" },
    { url = "https://files.pythonhosted.org/packages/39/73/4542f829107468b5de4231af67f29927c093bfad11f3c1e5b2c08fb1206b/ty-0.0.75-py3-none-win_arm64.whl", hash = "sha256:541c9af5b7a0ad23d15ec315a7da81150833c359f48124ed3789ff25eacd6f42", size = 12711024, upload-time = "2026-08-26T20:23:38.159Z" },
]

[[package]]
name = "typing-extensions"
version = "4.14.0"
source = { registry = "https://pypi.org/simple" }
sdist = { url = "https://files.pythonhosted.org/packages/d1/bc/51647cd02527e87d05cb083ccc402f93e441606ff1f01739a62c8ad09ba5/typing_extensions-4.14.0.tar.gz", hash = "sha256:8676b788e32f02ab42d9e7c61324048ae4c6d844a399eebace3d4979d75ceef4", size = 107423, upload-time = "2025-06-02T14:52:11.399Z" }
wheels = [
    { url = "https://files.pythonhosted.org/packages/69/e0/552843e0d356fbb5256d21449fa957fa4eff3bbc135a74a691ee70c7c5da/typing_extensions-4.14.0-py3-none-any.whl", hash = "sha256:a1514509136dd0b477638fc68d6a91497af5076466ad0fa6c338e44e359944af", size = 43839, upload-time = "2025-06-02T14:52:10.026Z" },
]

[[package]]
name = "uv-build"
version = "0.12.9"
source = { registry = "https://pypi.org/simple" }
sdist = { url = "https://files.pythonhosted.org/packages/81/10/5257f85135e7692c3c1162b35d9f375847e86af728e57ee779d68cc06c38/uv_build-0.12.9.tar.gz", hash = "sha256:5811820c072a3f7489133594028f451eea7d65ad94e97f58bff70da1b1a5970d", size = 423446, upload-time = "2026-09-01T21:57:27.122Z" }
wheels = [
    { url = "https://files.pythonhosted.org/packages/53/8a/9bdd5233af98386d1170b18fd3cad81742925d45e6a2e67615425ffb5c23/uv_build-0.12.9-py3-none-linux_armv6l.whl", hash = "sha256:1a4d1b37643c84ad544513491d4e3c17b292eabc516110ae03289f04f8adb746", size = 1514291, upload-time = "2026-09-01T21:57:02.923Z" },
    { url = "https://files.pythonhosted.org/packages/21/a0/5a3e94233a3cac6eaad4108f4d3b79c484cff40ef6523672f0a66bbb185b/uv_build-0.12.9-py3-none-macosx_10_12_x86_64.whl", hash = "sha256:11130051ecb32dc820022467e31458d15d5235e5ba4d1e0c03e344a1e2983457", size = 1451497, upload-time = "2026-09-01T21:57:04.468Z" },
    { url = "https://files.pythonhosted.org/packages/fb/5c/578bc1fe36d801fd92cde45c2351df91743efdcc30447686263b41725628/uv_build-0.12.9-py3-none-macosx_11_0_arm64.whl", hash = "sha256:54f1a69437c14427ba331fd8588df1ac64d246ae79ef3c461252950a3fd27955", size = 1394829, upload-time = "2026-09-01T21:57:05.773Z" },
    { url = "https://files.pythonhosted.org/packages/85/d1/a82794f05722a2a9065a093e7b82646954d9a6aa27be231a69f8e63c8a19/uv_build-0.12.9-py3-none-manylinux_2_17_aarch64.manylinux2014_aarch64.musllinux_1_1_aarch64.whl", hash = "sha256:a374b87ada97a20191a7ea8efc0fa04a36052d5d915cbe0261d117131acf2f05", size = 1598491, upload-time = "2026-09-01T21:57:07.109Z" },
    { url = "https://files.pythonhosted.org/packages/c3/ab/e3d056e63b1848b160eb88ea7cab613de256a29290f9ae380bb92703239f/uv_build-0.12.9-py3-none-manylinux_2_17_armv7l.manylinux2014_armv7l.whl", hash = "sha256:718687b141091f770a70eea16b094043cc07f3559411b2d57294019bcebb5897", size = 1480522, upload-time = "2026-09-01T21:57:08.453Z" },
    { url = "https://files.pythonhosted.org/packages/e0/fe/72fd8a18339355335bf933e99275bf916befcadd915705275a34d867c619/uv_build-0.12.9-py3-none-manylinux_2_17_i686.manylinux2014_i686.whl", hash = "sha256:6e4790f4adb0af95c515427d76ade2200bedfcdb39b8d1a7f23b280abd3a1419", size = 1639134, upload-time = "2026-09-01T21:57:09.811Z" },
    { url = "https://files.pythonhosted.org/packages/ff/c1/c0df1e80800509588f60e6a8ba8dbd58cb800eb96f96ac0fc7ae58658591/uv_build-0.12.9-py3-none-manylinux_2_17_ppc64le.manylinux2014_ppc64le.whl", hash = "sha256:f6586cac1a9bc243b129dc92bd8902227a4a6debe2cd8eba38b84195b64dca20", size = 1671163, upload-time = "2026-09-01T21:57:11.186Z" },
    { url = "https://files.pythonhosted.org/packages/6d/87/c902e826ca151d7c30fb771fb8e4fe06be065fcb7d1864637f53dbcf0784/uv_build-0.12.9-py3-none-manylinux_2_17_s390x.manylinux2014_s390x.whl", hash = "sha256:8510429506eaebaa6e24c546172da90a3b4fa1341a238101a35273a25776df8c", size = 1574071, upload-time = "2026-09-01T21:57:12.459Z" },
    { url = "https://files.pythonhosted.org/packages/25/93/b4d2b07e418a378e76656da64cd8d38d113e80d50934aee33f034d9c844b/uv_build-0.12.9-py3-none-manylinux_2_17_x86_64.manylinux2014_x86_64.whl", hash = "sha256:7c34ba25bbbfe7475b6c55c64486950c998cf7db21cbe9e7532e80fb11b1c91f", size = 1601370, upload-time = "2026-09-01T21:57:13.671Z" },
    { url = "https://files.pythonhosted.org/packages/3d/0f/bfa420c0e3986d7a4337aecb1d633498d81158d6ab8dc175fdcf461befa4/uv_build-0.12.9-py3-none-manylinux_2_28_aarch64.whl", hash = "sha256:33b11f767944154f07ac7d3e22b546c75505ceb579136fea28b7ede37cc3accb", size = 1599028, upload-time = "2026-09-01T21:57:14.918Z" },
    { url = "https://files.pythonhosted.org/packages/9f/b3/4610f152ba11cef87150006a54b29465e57a67067480435b3ce8ba37a67c/uv_build-0.12.9-py3-none-manylinux_2_31_riscv64.whl", hash = "sha256:301bd136bb382e94328a79698c2271f641caba16233c020f29dc9c1d29304cdf", size = 1564063, upload-time = "2026-09-01T21:57:16.162Z" },
    { url = "https://files.pythonhosted.org/packages/52/f8/f6f74c02d1964f9c72aecd70598418aa3a80e4d6169802a7d9bde7eb65ca/uv_build-0.12.9-py3-none-musllinux_1_1_armv7l.whl", hash = "sha256:a504f165f7c47ae9fda2f781cefa3b966972e16121deb94dfa1b41abafb25502", size = 1493151, upload-time = "2026-09-01T21:57:17.394Z" },
    { url = "https://files.pythonhosted.org/packages/ed/ad/47ec43922aabdd1c598cae5493f6e66e34459dd1ae2e7e32a4ad38f4b1cf/uv_build-0.12.9-py3-none-musllinux_1_1_i686.whl", hash = "sha256:a25c30f1d0eedf9331df2ac8f12cc273fd22de96b504cbb6e215a5069f2d572a", size = 1584168, upload-time = "2026-09-01T21:57:18.74Z" },
    { url = "https://files.pythonhosted.org/packages/e9/eb/d8d4ec49f9ae3a8dcdfcf2142d82f1d72c74782167709a1cc0808b658685/uv_build-0.12.9-py3-none-musllinux_1_1_riscv64.whl", hash = "sha256:504753fd5cdbbbd538f2f33dda1a78be9d38bc761e087c23933ac196928e7798", size = 1583067, upload-time = "2026-09-01T21:57:20.208Z" },
    { url = "https://files.pythonhosted.org/packages/3c/c8/b04efb9ce01ae007d1f0041ffa360242fe4b2f0766bfed9ccd7fbe43a0ca/uv_build-0.12.9-py3-none-musllinux_1_1_x86_64.whl", hash = "sha256:df05daa3d67f9598f132b962b67249274ca2396f0856281079d5fa9b8ed615a9", size = 1662212, upload-time = "2026-09-01T21:57:21.535Z" },
    { url = "https://files.pythonhosted.org/packages/53/39/ed02c9a9a850eda9732b6135c3f269ebddee3ca285e8838d5cbe6ab85453/uv_build-0.12.9-py3-none-win32.whl", hash = "sha256:ce29cddc8b4a1dec16ab1a2d840966de5f611e3b26c2325887ce3a58ff5d910d", size = 1407909, upload-time = "2026-09-01T21:57:22.893Z" },
    { url = "https://files.pythonhosted.org/packages/de/c6/a77540b9d61855aba4c0f7dbcdcf2c4f5edd5d7641ef6ddaec03396e3b75/uv_build-0.12.9-py3-none-win_amd64.whl", hash = "sha256:d3760b01f767b469bb6bd959c99fb35e0f15c14c06c6bb714f325a9a10a4f194", size = 1472097, upload-time = "2026-09-01T21:57:24.203Z" },
    { url = "https://files.pythonhosted.org/packages/88/95/026160082a8f38edd7983fd25e71bf0641e4a59b26571f4661059f415d95/uv_build-0.12.9-py3-none-win_arm64.whl", hash = "sha256:9767704439fe0aa6188bcae5895cf33f54580c94e043b63bc2f9db5852d83528", size = 1392231, upload-time = "2026-09-01T21:57:25.579Z" },
]
