version = 1
revision = 3
requires-python = ">=3.9"

[[package]]
name = "anyio"
version = "4.9.0"
source = { registry = "https://pypi.org/simple" }
dependencies = [
    { name = "exceptiongroup", marker = "python_full_version < '3.11'" },
    { name = "idna" },
    { name = "sniffio" },
    { name = "typing-extensions", marker = "python_full_version < '3.13'" },
]
sdist = { url = "https://files.pythonhosted.org/packages/95/7d/4c1bd541d4dffa1b52bd83fb8527089e097a106fc90b467a7313b105f840/anyio-4.9.0.tar.gz", hash = "sha256:673c0c244e15788651a4ff38710fea9675823028a6f08a5eda409e0c9840a028", size = 190949, upload-time = "2025-03-17T00:02:54.77Z" }
wheels = [
    { url = "https://files.pythonhosted.org/packages/a1/ee/48ca1a7c89ffec8b6a0c5d02b89c305671d5ffd8d3c94acf8b8c408575bb/anyio-4.9.0-py3-none-any.whl", hash = "sha256:9f76d541cad6e36af7beb62e978876f3b41e3e04f2c1fbf0884604c0a9c4d93c", size = 100916, upload-time = "2025-03-17T00:02:52.713Z" },
]

[[package]]
name = "biblionix"
version = "2025.1"
source = { editable = "." }
dependencies = [
    { name = "httpx" },
]

[package.dev-dependencies]
dev = [
    { name = "ruff" },
    { name = "uv-build" },
]

[package.metadata]
requires-dist = [{ name = "httpx", specifier = ">=0.28.1" }]

[package.metadata.requires-dev]
dev = [
    { name = "ruff", specifier = ">=0.14.6" },
    { name = "uv-build", specifier = ">=0.9.11" },
]

[[package]]
name = "certifi"
version = "2025.6.15"
source = { registry = "https://pypi.org/simple" }
sdist = { url = "https://files.pythonhosted.org/packages/73/f7/f14b46d4bcd21092d7d3ccef689615220d8a08fb25e564b65d20738e672e/certifi-2025.6.15.tar.gz", hash = "sha256:d747aa5a8b9bbbb1bb8c22bb13e22bd1f18e9796defa16bab421f7f7a317323b", size = 158753, upload-time = "2025-06-15T02:45:51.329Z" }
wheels = [
    { url = "https://files.pythonhosted.org/packages/84/ae/320161bd181fc06471eed047ecce67b693fd7515b16d495d8932db763426/certifi-2025.6.15-py3-none-any.whl", hash = "sha256:2e0c7ce7cb5d8f8634ca55d2ba7e6ec2689a2fd6537d8dec1296a477a4910057", size = 157650, upload-time = "2025-06-15T02:45:49.977Z" },
]

[[package]]
name = "exceptiongroup"
version = "1.3.0"
source = { registry = "https://pypi.org/simple" }
dependencies = [
    { name = "typing-extensions", marker = "python_full_version < '3.13'" },
]
sdist = { url = "https://files.pythonhosted.org/packages/0b/9f/a65090624ecf468cdca03533906e7c69ed7588582240cfe7cc9e770b50eb/exceptiongroup-1.3.0.tar.gz", hash = "sha256:b241f5885f560bc56a59ee63ca4c6a8bfa46ae4ad651af316d4e81817bb9fd88", size = 29749, upload-time = "2025-05-10T17:42:51.123Z" }
wheels = [
    { url = "https://files.pythonhosted.org/packages/36/f4/c6e662dade71f56cd2f3735141b265c3c79293c109549c1e6933b0651ffc/exceptiongroup-1.3.0-py3-none-any.whl", hash = "sha256:4d111e6e0c13d0644cad6ddaa7ed0261a0b36971f6d23e7ec9b4b9097da78a10", size = 16674, upload-time = "2025-05-10T17:42:49.33Z" },
]

[[package]]
name = "h11"
version = "0.16.0"
source = { registry = "https://pypi.org/simple" }
sdist = { url = "https://files.pythonhosted.org/packages/01/ee/02a2c011bdab74c6fb3c75474d40b3052059d95df7e73351460c8588d963/h11-0.16.0.tar.gz", hash = "sha256:4e35b956cf45792e4caa5885e69fba00bdbc6ffafbfa020300e549b208ee5ff1", size = 101250, upload-time = "2025-04-24T03:35:25.427Z" }
wheels = [
    { url = "https://files.pythonhosted.org/packages/04/4b/29cac41a4d98d144bf5f6d33995617b185d14b22401f75ca86f384e87ff1/h11-0.16.0-py3-none-any.whl", hash = "sha256:63cf8bbe7522de3bf65932fda1d9c2772064ffb3dae62d55932da54b31cb6c86", size = 37515, upload-time = "2025-04-24T03:35:24.344Z" },
]

[[package]]
name = "httpcore"
version = "1.0.9"
source = { registry = "https://pypi.org/simple" }
dependencies = [
    { name = "certifi" },
    { name = "h11" },
]
sdist = { url = "https://files.pythonhosted.org/packages/06/94/82699a10bca87a5556c9c59b5963f2d039dbd239f25bc2a63907a05a14cb/httpcore-1.0.9.tar.gz", hash = "sha256:6e34463af53fd2ab5d807f399a9b45ea31c3dfa2276f15a2c3f00afff6e176e8", size = 85484, upload-time = "2025-04-24T22:06:22.219Z" }
wheels = [
    { url = "https://files.pythonhosted.org/packages/7e/f5/f66802a942d491edb555dd61e3a9961140fd64c90bce1eafd741609d334d/httpcore-1.0.9-py3-none-any.whl", hash = "sha256:2d400746a40668fc9dec9810239072b40b4484b640a8c38fd654a024c7a1bf55", size = 78784, upload-time = "2025-04-24T22:06:20.566Z" },
]

[[package]]
name = "httpx"
version = "0.28.1"
source = { registry = "https://pypi.org/simple" }
dependencies = [
    { name = "anyio" },
    { name = "certifi" },
    { name = "httpcore" },
    { name = "idna" },
]
sdist = { url = "https://files.pythonhosted.org/packages/b1/df/48c586a5fe32a0f01324ee087459e112ebb7224f646c0b5023f5e79e9956/httpx-0.28.1.tar.gz", hash = "sha256:75e98c5f16b0f35b567856f597f06ff2270a374470a5c2392242528e3e3e42fc", size = 141406, upload-time = "2024-12-06T15:37:23.222Z" }
wheels = [
    { url = "https://files.pythonhosted.org/packages/2a/39/e50c7c3a983047577ee07d2a9e53faf5a69493943ec3f6a384bdc792deb2/httpx-0.28.1-py3-none-any.whl", hash = "sha256:d909fcccc110f8c7faf814ca82a9a4d816bc5a6dbfea25d6591d6985b8ba59ad", size = 73517, upload-time = "2024-12-06T15:37:21.509Z" },
]

[[package]]
name = "idna"
version = "3.10"
source = { registry = "https://pypi.org/simple" }
sdist = { url = "https://files.pythonhosted.org/packages/f1/70/7703c29685631f5a7590aa73f1f1d3fa9a380e654b86af429e0934a32f7d/idna-3.10.tar.gz", hash = "sha256:12f65c9b470abda6dc35cf8e63cc574b1c52b11df2c86030af0ac09b01b13ea9", size = 190490, upload-time = "2024-09-15T18:07:39.745Z" }
wheels = [
    { url = "https://files.pythonhosted.org/packages/76/c6/c88e154df9c4e1a2a66ccf0005a88dfb2650c1dffb6f5ce603dfbd452ce3/idna-3.10-py3-none-any.whl", hash = "sha256:946d195a0d259cbba61165e88e65941f16e9b36ea6ddb97f00452bae8b1287d3", size = 70442, upload-time = "2024-09-15T18:07:37.964Z" },
]

[[package]]
name = "ruff"
version = "0.14.7"
source = { registry = "https://pypi.org/simple" }
sdist = { url = "https://files.pythonhosted.org/packages/b7/5b/dd7406afa6c95e3d8fa9d652b6d6dd17dd4a6bf63cb477014e8ccd3dcd46/ruff-0.14.7.tar.gz", hash = "sha256:3417deb75d23bd14a722b57b0a1435561db65f0ad97435b4cf9f85ffcef34ae5", size = 5727324, upload-time = "2025-11-28T20:55:10.525Z" }
wheels = [
    { url = "https://files.pythonhosted.org/packages/8c/b1/7ea5647aaf90106f6d102230e5df874613da43d1089864da1553b899ba5e/ruff-0.14.7-py3-none-linux_armv6l.whl", hash = "sha256:b9d5cb5a176c7236892ad7224bc1e63902e4842c460a0b5210701b13e3de4fca", size = 13414475, upload-time = "2025-11-28T20:54:54.569Z" },
    { url = "https://files.pythonhosted.org/packages/af/19/fddb4cd532299db9cdaf0efdc20f5c573ce9952a11cb532d3b859d6d9871/ruff-0.14.7-py3-none-macosx_10_12_x86_64.whl", hash = "sha256:3f64fe375aefaf36ca7d7250292141e39b4cea8250427482ae779a2aa5d90015", size = 13634613, upload-time = "2025-11-28T20:55:17.54Z" },
    { url = "https://files.pythonhosted.org/packages/40/2b/469a66e821d4f3de0440676ed3e04b8e2a1dc7575cf6fa3ba6d55e3c8557/ruff-0.14.7-py3-none-macosx_11_0_arm64.whl", hash = "sha256:93e83bd3a9e1a3bda64cb771c0d47cda0e0d148165013ae2d3554d718632d554", size = 12765458, upload-time = "2025-11-28T20:55:26.128Z" },
    { url = "https://files.pythonhosted.org/packages/f1/05/0b001f734fe550bcfde4ce845948ac620ff908ab7241a39a1b39bb3c5f49/ruff-0.14.7-py3-none-manylinux_2_17_aarch64.manylinux2014_aarch64.whl", hash = "sha256:3838948e3facc59a6070795de2ae16e5786861850f78d5914a03f12659e88f94", size = 13236412, upload-time = "2025-11-28T20:55:28.602Z" },
    { url = "https://files.pythonhosted.org/packages/11/36/8ed15d243f011b4e5da75cd56d6131c6766f55334d14ba31cce5461f28aa/ruff-0.14.7-py3-none-manylinux_2_17_armv7l.manylinux2014_armv7l.whl", hash = "sha256:24c8487194d38b6d71cd0fd17a5b6715cda29f59baca1defe1e3a03240f851d1", size = 13182949, upload-time = "2025-11-28T20:55:33.265Z" },
    { url = "https://files.pythonhosted.org/packages/3b/cf/fcb0b5a195455729834f2a6eadfe2e4519d8ca08c74f6d2b564a4f18f553/ruff-0.14.7-py3-none-manylinux_2_17_i686.manylinux2014_i686.whl", hash = "sha256:79c73db6833f058a4be8ffe4a0913b6d4ad41f6324745179bd2aa09275b01d0b", size = 13816470, upload-time = "2025-11-28T20:55:08.203Z" },
    { url = "https://files.pythonhosted.org/packages/7f/5d/34a4748577ff7a5ed2f2471456740f02e86d1568a18c9faccfc73bd9ca3f/ruff-0.14.7-py3-none-manylinux_2_17_ppc64.manylinux2014_ppc64.whl", hash = "sha256:12eb7014fccff10fc62d15c79d8a6be4d0c2d60fe3f8e4d169a0d2def75f5dad", size = 15289621, upload-time = "2025-11-28T20:55:30.837Z" },
    { url = "https://files.pythonhosted.org/packages/53/53/0a9385f047a858ba133d96f3f8e3c9c66a31cc7c4b445368ef88ebeac209/ruff-0.14.7-py3-none-manylinux_2_17_ppc64le.manylinux2014_ppc64le.whl", hash = "sha256:6c623bbdc902de7ff715a93fa3bb377a4e42dd696937bf95669118773dbf0c50", size = 14975817, upload-time = "2025-11-28T20:55:24.107Z" },
    { url = "https://files.pythonhosted.org/packages/a8/d7/2f1c32af54c3b46e7fadbf8006d8b9bcfbea535c316b0bd8813d6fb25e5d/ruff-0.14.7-py3-none-manylinux_2_17_s390x.manylinux2014_s390x.whl", hash = "sha256:f53accc02ed2d200fa621593cdb3c1ae06aa9b2c3cae70bc96f72f0000ae97a9", size = 14284549, upload-time = "2025-11-28T20:55:06.08Z" },
    { url = "https://files.pythonhosted.org/packages/92/05/434ddd86becd64629c25fb6b4ce7637dd52a45cc4a4415a3008fe61c27b9/ruff-0.14.7-py3-none-manylinux_2_17_x86_64.manylinux2014_x86_64.whl", hash = "sha256:281f0e61a23fcdcffca210591f0f53aafaa15f9025b5b3f9706879aaa8683bc4", size = 14071389, upload-time = "2025-11-28T20:55:35.617Z" },
    { url = "https://files.pythonhosted.org/packages/ff/50/fdf89d4d80f7f9d4f420d26089a79b3bb1538fe44586b148451bc2ba8d9c/ruff-0.14.7-py3-none-manylinux_2_31_riscv64.whl", hash = "sha256:dbbaa5e14148965b91cb090236931182ee522a5fac9bc5575bafc5c07b9f9682", size = 14202679, upload-time = "2025-11-28T20:55:01.472Z" },
    { url = "https://files.pythonhosted.org/packages/77/54/87b34988984555425ce967f08a36df0ebd339bb5d9d0e92a47e41151eafc/ruff-0.14.7-py3-none-musllinux_1_2_aarch64.whl", hash = "sha256:1464b6e54880c0fe2f2d6eaefb6db15373331414eddf89d6b903767ae2458143", size = 13147677, upload-time = "2025-11-28T20:55:19.933Z" },
    { url = "https://files.pythonhosted.org/packages/67/29/f55e4d44edfe053918a16a3299e758e1c18eef216b7a7092550d7a9ec51c/ruff-0.14.7-py3-none-musllinux_1_2_armv7l.whl", hash = "sha256:f217ed871e4621ea6128460df57b19ce0580606c23aeab50f5de425d05226784", size = 13151392, upload-time = "2025-11-28T20:55:21.967Z" },
    { url = "https://files.pythonhosted.org/packages/36/69/47aae6dbd4f1d9b4f7085f4d9dcc84e04561ee7ad067bf52e0f9b02e3209/ruff-0.14.7-py3-none-musllinux_1_2_i686.whl", hash = "sha256:6be02e849440ed3602d2eb478ff7ff07d53e3758f7948a2a598829660988619e", size = 13412230, upload-time = "2025-11-28T20:55:12.749Z" },
    { url = "https://files.pythonhosted.org/packages/b7/4b/6e96cb6ba297f2ba502a231cd732ed7c3de98b1a896671b932a5eefa3804/ruff-0.14.7-py3-none-musllinux_1_2_x86_64.whl", hash = "sha256:19a0f116ee5e2b468dfe80c41c84e2bbd6b74f7b719bee86c2ecde0a34563bcc", size = 14195397, upload-time = "2025-11-28T20:54:56.896Z" },
    { url = "https://files.pythonhosted.org/packages/69/82/251d5f1aa4dcad30aed491b4657cecd9fb4274214da6960ffec144c260f7/ruff-0.14.7-py3-none-win32.whl", hash = "sha256:e33052c9199b347c8937937163b9b149ef6ab2e4bb37b042e593da2e6f6cccfa", size = 13126751, upload-time = "2025-11-28T20:55:03.47Z" },
    { url = "https://files.pythonhosted.org/packages/a8/b5/d0b7d145963136b564806f6584647af45ab98946660d399ec4da79cae036/ruff-0.14.7-py3-none-win_amd64.whl", hash = "sha256:e17a20ad0d3fad47a326d773a042b924d3ac31c6ca6deb6c72e9e6b5f661a7c6", size = 14531726, upload-time = "2025-11-28T20:54:59.121Z" },
    { url = "https://files.pythonhosted.org/packages/1d/d2/1637f4360ada6a368d3265bf39f2cf737a0aaab15ab520fc005903e883f8/ruff-0.14.7-py3-none-win_arm64.whl", hash = "sha256:be4d653d3bea1b19742fcc6502354e32f65cd61ff2fbdb365803ef2c2aec6228", size = 13609215, upload-time = "2025-11-28T20:55:15.375Z" },
]

[[package]]
name = "sniffio"
version = "1.3.1"
source = { registry = "https://pypi.org/simple" }
sdist = { url = "https://files.pythonhosted.org/packages/a2/87/a6771e1546d97e7e041b6ae58d80074f81b7d5121207425c964ddf5cfdbd/sniffio-1.3.1.tar.gz", hash = "sha256:f4324edc670a0f49750a81b895f35c3adb843cca46f0530f79fc1babb23789dc", size = 20372, upload-time = "2024-02-25T23:20:04.057Z" }
wheels = [
    { url = "https://files.pythonhosted.org/packages/e9/44/75a9c9421471a6c4805dbf2356f7c181a29c1879239abab1ea2cc8f38b40/sniffio-1.3.1-py3-none-any.whl", hash = "sha256:2f6da418d1f1e0fddd844478f41680e794e6051915791a034ff65e5f100525a2", size = 10235, upload-time = "2024-02-25T23:20:01.196Z" },
]

[[package]]
name = "typing-extensions"
version = "4.14.0"
source = { registry = "https://pypi.org/simple" }
sdist = { url = "https://files.pythonhosted.org/packages/d1/bc/51647cd02527e87d05cb083ccc402f93e441606ff1f01739a62c8ad09ba5/typing_extensions-4.14.0.tar.gz", hash = "sha256:8676b788e32f02ab42d9e7c61324048ae4c6d844a399eebace3d4979d75ceef4", size = 107423, upload-time = "2025-06-02T14:52:11.399Z" }
wheels = [
    { url = "https://files.pythonhosted.org/packages/69/e0/552843e0d356fbb5256d21449fa957fa4eff3bbc135a74a691ee70c7c5da/typing_extensions-4.14.0-py3-none-any.whl", hash = "sha256:a1514509136dd0b477638fc68d6a91497af5076466ad0fa6c338e44e359944af", size = 43839, upload-time = "2025-06-02T14:52:10.026Z" },
]

[[package]]
name = "uv-build"
version = "0.9.11"
source = { registry = "https://pypi.org/simple" }
sdist = { url = "https://files.pythonhosted.org/packages/da/f4/df15eadecd9b246ee8d72a89f1746ab268b1e30b4e0b0976a316d23a27b4/uv_build-0.9.11.tar.gz", hash = "sha256:21f62443e06cb1b6840c9cb3dba4b27bf0a74a010be5e9d86ea11691db87683e", size = 336407, upload-time = "2025-11-20T23:19:14.502Z" }
wheels = [
    { url = "https://files.pythonhosted.org/packages/9e/a4/1e6203674483c88258ea026f42c1fa247d412d1f161ebbe24887389cb0b1/uv_build-0.9.11-py3-none-linux_armv6l.whl", hash = "sha256:6bee432102ab755a52f2ef6ef610855538af2d21963061fd636feae01f5c33b9", size = 1393747, upload-time = "2025-11-20T23:18:47.702Z" },
    { url = "https://files.pythonhosted.org/packages/c0/68/51c39343f273f7098daab47944ae836b9addfbff71ece3d25fa3316cd81f/uv_build-0.9.11-py3-none-macosx_10_12_x86_64.whl", hash = "sha256:5eea765418930ca94d94b09b7d9e8d84885762105a54937305a6002200cb500c", size = 1365267, upload-time = "2025-11-20T23:18:50.536Z" },
    { url = "https://files.pythonhosted.org/packages/31/42/4b2e2b38e149e0dbdc8f0b9b840250ff16f3eac8c9cec2a5a96ed58cce39/uv_build-0.9.11-py3-none-macosx_11_0_arm64.whl", hash = "sha256:945275e3c9737050fa183be19c002d468783fa945d484269c67c3e8899c126b9", size = 1241801, upload-time = "2025-11-20T23:18:52.049Z" },
    { url = "https://files.pythonhosted.org/packages/c8/a5/16e20b965e0075b7669430eec21f79df6d054faf9d71b2a557204385a450/uv_build-0.9.11-py3-none-manylinux_2_17_aarch64.manylinux2014_aarch64.musllinux_1_1_aarch64.whl", hash = "sha256:8f1cd3bd76e2e06b465d120042e0cf9231f6720e1813a4b6bb8ad6ebf5af7c76", size = 1436863, upload-time = "2025-11-20T23:18:53.054Z" },
    { url = "https://files.pythonhosted.org/packages/4a/17/a57ac3a6f1b1b45973d1d8f491bc5dd1bb9d75e7a8845ca6bf6f944d685d/uv_build-0.9.11-py3-none-manylinux_2_17_armv7l.manylinux2014_armv7l.whl", hash = "sha256:ca385191d7c882fbf9226815ed8889b8f070d3535ecaba41b6a1f75687138725", size = 1350130, upload-time = "2025-11-20T23:18:55.981Z" },
    { url = "https://files.pythonhosted.org/packages/ab/30/78ef0b6babb021b7866ae4afa557ec368eccac6f320d2542dec7d6527a9d/uv_build-0.9.11-py3-none-manylinux_2_17_i686.manylinux2014_i686.whl", hash = "sha256:49574eda8b5d228e526f00cf65a1da65b4fb8aea779d343ace6ff2692e73e620", size = 1504993, upload-time = "2025-11-20T23:18:57.036Z" },
    { url = "https://files.pythonhosted.org/packages/0b/7d/4dfdff08319c9669a8428a50051df56c2e86acb7516abe0cede550e66797/uv_build-0.9.11-py3-none-manylinux_2_17_ppc64.manylinux2014_ppc64.whl", hash = "sha256:768e98dc89725983b581d2380b155a7db7f3f31c7bcd219c7bbcc45686ba39f0", size = 1667082, upload-time = "2025-11-20T23:18:58.114Z" },
    { url = "https://files.pythonhosted.org/packages/17/03/ed8e62a8fd0f6f4d7881ee3ebdd648a757f1e40925fd60dab20cb9dfe0e8/uv_build-0.9.11-py3-none-manylinux_2_17_ppc64le.manylinux2014_ppc64le.whl", hash = "sha256:fb6c54842124d1c6f6dfc593c09f8f13b62e45addd1d0d36329ab59728d0a651", size = 1568100, upload-time = "2025-11-20T23:18:59.44Z" },
    { url = "https://files.pythonhosted.org/packages/27/4b/455a7f2cfea3a0bb34120fdf710bf08b64198c9e1a75c293aa17c6e3f354/uv_build-0.9.11-py3-none-manylinux_2_17_s390x.manylinux2014_s390x.whl", hash = "sha256:842ddc4e79e3c6d4f379a5c2f85464446f5441b06a6cad191b1a63bcc82269d7", size = 1500088, upload-time = "2025-11-20T23:19:00.604Z" },
    { url = "https://files.pythonhosted.org/packages/10/ec/1689283aad81a81ea5d91677de73ff7e4bd5b5ea8a6a4912e67d947f0272/uv_build-0.9.11-py3-none-manylinux_2_17_x86_64.manylinux2014_x86_64.whl", hash = "sha256:be3d6290ab01008ae755c17d67b13a0bb7f8cc47c615018b3ac969cc96f18e89", size = 1480963, upload-time = "2025-11-20T23:19:02.666Z" },
    { url = "https://files.pythonhosted.org/packages/65/ca/d9ec9b6c54c151931e67e8fecca5a9b0494d7c473fb73bf978f4e81ddf2b/uv_build-0.9.11-py3-none-manylinux_2_28_aarch64.whl", hash = "sha256:cb52f2e7ca0dbfd3889af0ad8f6c977d63f4b9996c78eda3e0ce973fdb8ec98f", size = 1441832, upload-time = "2025-11-20T23:19:03.967Z" },
    { url = "https://files.pythonhosted.org/packages/1e/43/3b715dc152cc3ef627d82d20ff8a8bee0d361354971cbe24faf5bb2bd023/uv_build-0.9.11-py3-none-manylinux_2_31_riscv64.whl", hash = "sha256:5a74da1721dada07764f5384a2bdfa725994ca46f527f0e522103f600595f7d2", size = 1454334, upload-time = "2025-11-20T23:19:05.056Z" },
    { url = "https://files.pythonhosted.org/packages/9c/4d/02192d5dfe37480ad8e779a4c5b1ad2a0580361e86a387ccb03530178409/uv_build-0.9.11-py3-none-musllinux_1_1_armv7l.whl", hash = "sha256:2bf196ba216d6ef8c1a1e759efb00babbd85b84d4785c79fe971a9d13f129e87", size = 1368719, upload-time = "2025-11-20T23:19:06.12Z" },
    { url = "https://files.pythonhosted.org/packages/80/8d/d07d19bf3960285ada8bc12c1a2394c19001a165818c9b562dfa91578a58/uv_build-0.9.11-py3-none-musllinux_1_1_i686.whl", hash = "sha256:29c5bf62e2e852046ccaaa83a21a9bcd83add3aa8a0aff2f52e6554a72cfcc4e", size = 1462462, upload-time = "2025-11-20T23:19:07.277Z" },
    { url = "https://files.pythonhosted.org/packages/7b/f9/3370163414f0b2c661a7a607c70037d61b474e81fe4b7cfa9e69476869f7/uv_build-0.9.11-py3-none-musllinux_1_1_x86_64.whl", hash = "sha256:a002ab69c4dafeb291d7736018e99297a77effc1c628a25a62585355e5944755", size = 1538459, upload-time = "2025-11-20T23:19:08.799Z" },
    { url = "https://files.pythonhosted.org/packages/6a/92/3fa8113c34bde0eddd67292e6fc9c17b7a75ac01ea19dcbf4d2a124f3b73/uv_build-0.9.11-py3-none-win32.whl", hash = "sha256:567c53e86cc8fd1ae5c8f46f73e94343d399c9c43a0ec8f681d879a6adb30dde", size = 1327783, upload-time = "2025-11-20T23:19:10.402Z" },
    { url = "https://files.pythonhosted.org/packages/0c/b4/6a1f5d29390a4cde3145fc4e5ea60412254188abd7a70fce0e597b71802f/uv_build-0.9.11-py3-none-win_amd64.whl", hash = "sha256:d7115df9de5fe0b49a393e21c31d98d1750961ea4a481b6fe2cf71fd9ac0c21a", size = 1406043, upload-time = "2025-11-20T23:19:11.915Z" },
    { url = "https://files.pythonhosted.org/packages/92/d4/d9f4e41db828fa0a3996d6f43eddc8063fc4ad17ffd2f7ff41f7498024da/uv_build-0.9.11-py3-none-win_arm64.whl", hash = "sha256:15cba02b2e57f99583b7a134b16ddcc04a862c9447268395dd7cc751ea4924d7", size = 1317767, upload-time = "2025-11-20T23:19:13.436Z" },
]
