version = 1
revision = 3
requires-python = ">=3.10"

[[package]]
name = "anyio"
version = "4.9.0"
source = { registry = "https://pypi.org/simple" }
dependencies = [
    { name = "exceptiongroup", marker = "python_full_version < '3.11'" },
    { name = "idna" },
    { name = "sniffio" },
    { name = "typing-extensions", marker = "python_full_version < '3.13'" },
]
sdist = { url = "https://files.pythonhosted.org/packages/95/7d/4c1bd541d4dffa1b52bd83fb8527089e097a106fc90b467a7313b105f840/anyio-4.9.0.tar.gz", hash = "sha256:673c0c244e15788651a4ff38710fea9675823028a6f08a5eda409e0c9840a028", size = 190949, upload-time = "2025-03-17T00:02:54.77Z" }
wheels = [
    { url = "https://files.pythonhosted.org/packages/a1/ee/48ca1a7c89ffec8b6a0c5d02b89c305671d5ffd8d3c94acf8b8c408575bb/anyio-4.9.0-py3-none-any.whl", hash = "sha256:9f76d541cad6e36af7beb62e978876f3b41e3e04f2c1fbf0884604c0a9c4d93c", size = 100916, upload-time = "2025-03-17T00:02:52.713Z" },
]

[[package]]
name = "biblionix"
version = "2026.0"
source = { editable = "." }
dependencies = [
    { name = "httpx" },
]

[package.dev-dependencies]
dev = [
    { name = "ruff" },
    { name = "ty" },
    { name = "uv-build" },
]

[package.metadata]
requires-dist = [{ name = "httpx", specifier = ">=0.28.1" }]

[package.metadata.requires-dev]
dev = [
    { name = "ruff", specifier = ">=0.14.10" },
    { name = "ty", specifier = ">=0.0.9" },
    { name = "uv-build", specifier = ">=0.9.22" },
]

[[package]]
name = "certifi"
version = "2025.6.15"
source = { registry = "https://pypi.org/simple" }
sdist = { url = "https://files.pythonhosted.org/packages/73/f7/f14b46d4bcd21092d7d3ccef689615220d8a08fb25e564b65d20738e672e/certifi-2025.6.15.tar.gz", hash = "sha256:d747aa5a8b9bbbb1bb8c22bb13e22bd1f18e9796defa16bab421f7f7a317323b", size = 158753, upload-time = "2025-06-15T02:45:51.329Z" }
wheels = [
    { url = "https://files.pythonhosted.org/packages/84/ae/320161bd181fc06471eed047ecce67b693fd7515b16d495d8932db763426/certifi-2025.6.15-py3-none-any.whl", hash = "sha256:2e0c7ce7cb5d8f8634ca55d2ba7e6ec2689a2fd6537d8dec1296a477a4910057", size = 157650, upload-time = "2025-06-15T02:45:49.977Z" },
]

[[package]]
name = "exceptiongroup"
version = "1.3.0"
source = { registry = "https://pypi.org/simple" }
dependencies = [
    { name = "typing-extensions", marker = "python_full_version < '3.13'" },
]
sdist = { url = "https://files.pythonhosted.org/packages/0b/9f/a65090624ecf468cdca03533906e7c69ed7588582240cfe7cc9e770b50eb/exceptiongroup-1.3.0.tar.gz", hash = "sha256:b241f5885f560bc56a59ee63ca4c6a8bfa46ae4ad651af316d4e81817bb9fd88", size = 29749, upload-time = "2025-05-10T17:42:51.123Z" }
wheels = [
    { url = "https://files.pythonhosted.org/packages/36/f4/c6e662dade71f56cd2f3735141b265c3c79293c109549c1e6933b0651ffc/exceptiongroup-1.3.0-py3-none-any.whl", hash = "sha256:4d111e6e0c13d0644cad6ddaa7ed0261a0b36971f6d23e7ec9b4b9097da78a10", size = 16674, upload-time = "2025-05-10T17:42:49.33Z" },
]

[[package]]
name = "h11"
version = "0.16.0"
source = { registry = "https://pypi.org/simple" }
sdist = { url = "https://files.pythonhosted.org/packages/01/ee/02a2c011bdab74c6fb3c75474d40b3052059d95df7e73351460c8588d963/h11-0.16.0.tar.gz", hash = "sha256:4e35b956cf45792e4caa5885e69fba00bdbc6ffafbfa020300e549b208ee5ff1", size = 101250, upload-time = "2025-04-24T03:35:25.427Z" }
wheels = [
    { url = "https://files.pythonhosted.org/packages/04/4b/29cac41a4d98d144bf5f6d33995617b185d14b22401f75ca86f384e87ff1/h11-0.16.0-py3-none-any.whl", hash = "sha256:63cf8bbe7522de3bf65932fda1d9c2772064ffb3dae62d55932da54b31cb6c86", size = 37515, upload-time = "2025-04-24T03:35:24.344Z" },
]

[[package]]
name = "httpcore"
version = "1.0.9"
source = { registry = "https://pypi.org/simple" }
dependencies = [
    { name = "certifi" },
    { name = "h11" },
]
sdist = { url = "https://files.pythonhosted.org/packages/06/94/82699a10bca87a5556c9c59b5963f2d039dbd239f25bc2a63907a05a14cb/httpcore-1.0.9.tar.gz", hash = "sha256:6e34463af53fd2ab5d807f399a9b45ea31c3dfa2276f15a2c3f00afff6e176e8", size = 85484, upload-time = "2025-04-24T22:06:22.219Z" }
wheels = [
    { url = "https://files.pythonhosted.org/packages/7e/f5/f66802a942d491edb555dd61e3a9961140fd64c90bce1eafd741609d334d/httpcore-1.0.9-py3-none-any.whl", hash = "sha256:2d400746a40668fc9dec9810239072b40b4484b640a8c38fd654a024c7a1bf55", size = 78784, upload-time = "2025-04-24T22:06:20.566Z" },
]

[[package]]
name = "httpx"
version = "0.28.1"
source = { registry = "https://pypi.org/simple" }
dependencies = [
    { name = "anyio" },
    { name = "certifi" },
    { name = "httpcore" },
    { name = "idna" },
]
sdist = { url = "https://files.pythonhosted.org/packages/b1/df/48c586a5fe32a0f01324ee087459e112ebb7224f646c0b5023f5e79e9956/httpx-0.28.1.tar.gz", hash = "sha256:75e98c5f16b0f35b567856f597f06ff2270a374470a5c2392242528e3e3e42fc", size = 141406, upload-time = "2024-12-06T15:37:23.222Z" }
wheels = [
    { url = "https://files.pythonhosted.org/packages/2a/39/e50c7c3a983047577ee07d2a9e53faf5a69493943ec3f6a384bdc792deb2/httpx-0.28.1-py3-none-any.whl", hash = "sha256:d909fcccc110f8c7faf814ca82a9a4d816bc5a6dbfea25d6591d6985b8ba59ad", size = 73517, upload-time = "2024-12-06T15:37:21.509Z" },
]

[[package]]
name = "idna"
version = "3.10"
source = { registry = "https://pypi.org/simple" }
sdist = { url = "https://files.pythonhosted.org/packages/f1/70/7703c29685631f5a7590aa73f1f1d3fa9a380e654b86af429e0934a32f7d/idna-3.10.tar.gz", hash = "sha256:12f65c9b470abda6dc35cf8e63cc574b1c52b11df2c86030af0ac09b01b13ea9", size = 190490, upload-time = "2024-09-15T18:07:39.745Z" }
wheels = [
    { url = "https://files.pythonhosted.org/packages/76/c6/c88e154df9c4e1a2a66ccf0005a88dfb2650c1dffb6f5ce603dfbd452ce3/idna-3.10-py3-none-any.whl", hash = "sha256:946d195a0d259cbba61165e88e65941f16e9b36ea6ddb97f00452bae8b1287d3", size = 70442, upload-time = "2024-09-15T18:07:37.964Z" },
]

[[package]]
name = "ruff"
version = "0.15.20"
source = { registry = "https://pypi.org/simple" }
sdist = { url = "https://files.pythonhosted.org/packages/43/dc/35b341fc554ba02f217fc10da57d1a75168cfbcf75b0ef2202176d4c4f2d/ruff-0.15.20.tar.gz", hash = "sha256:1416eb04349192646b54de98f146c4f59afe37d0decfc02c3cbbf396f3a28566", size = 4755489, upload-time = "2026-06-25T17:20:37.578Z" }
wheels = [
    { url = "https://files.pythonhosted.org/packages/94/d9/2d5014f0253ba541d2061d9fa7193f48e941c8b21bb88a7ff9bbe0bd0596/ruff-0.15.20-py3-none-linux_armv6l.whl", hash = "sha256:00e188c53e499c3c1637f73c91dcf2fb56d576cab76ce1be50a27c4e80e37078", size = 10839665, upload-time = "2026-06-25T17:19:44.702Z" },
    { url = "https://files.pythonhosted.org/packages/c6/d3/ac1798ba64f670698867fcfc591d50e7e421bef137db564858f619a30fcf/ruff-0.15.20-py3-none-macosx_10_12_x86_64.whl", hash = "sha256:9ebd1fd9b9c95fc0bd7b2761aebec1f030013d2e193a2901b224af68fe47251b", size = 11208649, upload-time = "2026-06-25T17:19:48.787Z" },
    { url = "https://files.pythonhosted.org/packages/47/47/d3ac899991202095dfcf3d5176be4272642be3cf981a2f1a30f72a2afb95/ruff-0.15.20-py3-none-macosx_11_0_arm64.whl", hash = "sha256:c5b16cdd67ca108185cd36dce98c576350c03b1660a751de725fb049193a0632", size = 10622638, upload-time = "2026-06-25T17:19:51.354Z" },
    { url = "https://files.pythonhosted.org/packages/33/13/4e043fe30aa94d4ff5213a9881fc296d12960f5971b234a5263fdc225312/ruff-0.15.20-py3-none-manylinux_2_17_aarch64.manylinux2014_aarch64.whl", hash = "sha256:3413bb3c3d2ca6a8208f1f4809cd2dca3c6de6d0b491c0e70847672bde6e6efd", size = 10984227, upload-time = "2026-06-25T17:19:54.044Z" },
    { url = "https://files.pythonhosted.org/packages/76/e6/92e7bf40388bc5800073b96564f56264f7e48bfd1a498f5ced6ae6d5a769/ruff-0.15.20-py3-none-manylinux_2_17_armv7l.manylinux2014_armv7l.whl", hash = "sha256:bd7ec42b3bb3da066488db093308a69c4ac5ee6d2af333a86ba6e2eb2e7dd44b", size = 10622882, upload-time = "2026-06-25T17:19:57.037Z" },
    { url = "https://files.pythonhosted.org/packages/13/7a/43460be3f24495a3aa46d4b16873e2c4941b3b5f0b00cf88c03b7b94b339/ruff-0.15.20-py3-none-manylinux_2_17_i686.manylinux2014_i686.whl", hash = "sha256:e1a36ad0eb77fba9aabfb69ede54de6f376d04ac18ebea022847046d340a8267", size = 11474808, upload-time = "2026-06-25T17:20:00.357Z" },
    { url = "https://files.pythonhosted.org/packages/27/a0/f37077884873221c6b33b4ab49eb18f9f88e54a16a25a5bca59bef46dd66/ruff-0.15.20-py3-none-manylinux_2_17_ppc64le.manylinux2014_ppc64le.whl", hash = "sha256:b6df3b1e4610432f0386dba04d853b5f08cbbc903410c6fcc02f620f05aff53c", size = 12293094, upload-time = "2026-06-25T17:20:03.446Z" },
    { url = "https://files.pythonhosted.org/packages/a6/74/165545b60256a9704c21ac0ec4a0d07933b320812f9584836c9f4aca4292/ruff-0.15.20-py3-none-manylinux_2_17_s390x.manylinux2014_s390x.whl", hash = "sha256:e89f198a1ea6ef0d727c1cf16088bc91a6cb0ab947dedc966715691647186eae", size = 11526176, upload-time = "2026-06-25T17:20:06.301Z" },
    { url = "https://files.pythonhosted.org/packages/86/b1/a976a136d40ade83ce743578399865f57001003a409acadc0ecbb3051082/ruff-0.15.20-py3-none-manylinux_2_17_x86_64.manylinux2014_x86_64.whl", hash = "sha256:309809086c2acb67624950a3c8133e80f32d0d3e27106c0cd60ff26657c9f24b", size = 11520767, upload-time = "2026-06-25T17:20:09.191Z" },
    { url = "https://files.pythonhosted.org/packages/19/0f/f032696cb01c9b54c0263fa393474d7758f1cdc021a01b04e3cbc2500999/ruff-0.15.20-py3-none-manylinux_2_31_riscv64.whl", hash = "sha256:2d2374caa2f2c2f9e2b7da0a50802cfb8b79f55a9b5e49379f564544fbf56487", size = 11500132, upload-time = "2026-06-25T17:20:13.602Z" },
    { url = "https://files.pythonhosted.org/packages/4b/f4/51b1a14bc69e8c224b15dab9cce8e99b425e0455d462caa2b3c9be2b6a8e/ruff-0.15.20-py3-none-musllinux_1_2_aarch64.whl", hash = "sha256:a1ed17b65293e0c2f22fc387bc13198a5de94bf4429589b0ff6946b0feaf21a3", size = 10943828, upload-time = "2026-06-25T17:20:16.635Z" },
    { url = "https://files.pythonhosted.org/packages/71/4b/fe267640783cd02bf6c5cc290b1df1051be2ec294c678b5c15fe19e52343/ruff-0.15.20-py3-none-musllinux_1_2_armv7l.whl", hash = "sha256:f701305e66b38ea6c91882490eb73459796808e4c6362a1b765255e0cdcd4053", size = 10645418, upload-time = "2026-06-25T17:20:19.4Z" },
    { url = "https://files.pythonhosted.org/packages/b0/c0/a65aa4ec2f5e87a1df32dc3ec1fede434fe3dfd5cbcf3b503cafc676ab54/ruff-0.15.20-py3-none-musllinux_1_2_i686.whl", hash = "sha256:5b9c0c367ad8e5d0d5b5b8537864c469a0a0e55417aadfbeca41fa61333be9f4", size = 11211770, upload-time = "2026-06-25T17:20:22.033Z" },
    { url = "https://files.pythonhosted.org/packages/5a/a4/0caa331d954ae2723d729d351c989cb4ca8b6077d5c6c2cb6de75e98c041/ruff-0.15.20-py3-none-musllinux_1_2_x86_64.whl", hash = "sha256:01cc00dd58f0df339d0e902219dd53990ea99996a0344e5d9cc8d45d5307e460", size = 11618698, upload-time = "2026-06-25T17:20:25.259Z" },
    { url = "https://files.pythonhosted.org/packages/10/9b/5f14927848d2fd4aa891fd88d883788c5a7baba561c7874732364045708c/ruff-0.15.20-py3-none-win32.whl", hash = "sha256:ed65ef510e43a137207e0f01cfcf998aeddb1aeeda5c9d35023e910284d7cf21", size = 10857322, upload-time = "2026-06-25T17:20:28.612Z" },
    { url = "https://files.pythonhosted.org/packages/fa/f0/fe47c501f9dea92a26d788ff98bb5d92ed4cb4c88792c5c88af6b697dc8e/ruff-0.15.20-py3-none-win_amd64.whl", hash = "sha256:a525c81c70fb0380344dd1d8745d8cc1c890b7fc94a58d5a07bd8eb9557b8415", size = 11993274, upload-time = "2026-06-25T17:20:31.871Z" },
    { url = "https://files.pythonhosted.org/packages/d7/2b/9555445e1201d92b3195f45cdb153a0b68f24e0a4273f6e3d5ab46e212bb/ruff-0.15.20-py3-none-win_arm64.whl", hash = "sha256:2f5b2a6d614e8700388806a14996c40fab2c47b819ef57d790a34878858ed9ca", size = 11343498, upload-time = "2026-06-25T17:20:35.03Z" },
]

[[package]]
name = "sniffio"
version = "1.3.1"
source = { registry = "https://pypi.org/simple" }
sdist = { url = "https://files.pythonhosted.org/packages/a2/87/a6771e1546d97e7e041b6ae58d80074f81b7d5121207425c964ddf5cfdbd/sniffio-1.3.1.tar.gz", hash = "sha256:f4324edc670a0f49750a81b895f35c3adb843cca46f0530f79fc1babb23789dc", size = 20372, upload-time = "2024-02-25T23:20:04.057Z" }
wheels = [
    { url = "https://files.pythonhosted.org/packages/e9/44/75a9c9421471a6c4805dbf2356f7c181a29c1879239abab1ea2cc8f38b40/sniffio-1.3.1-py3-none-any.whl", hash = "sha256:2f6da418d1f1e0fddd844478f41680e794e6051915791a034ff65e5f100525a2", size = 10235, upload-time = "2024-02-25T23:20:01.196Z" },
]

[[package]]
name = "ty"
version = "0.0.55"
source = { registry = "https://pypi.org/simple" }
sdist = { url = "https://files.pythonhosted.org/packages/08/48/f687c8d268e3581f2f104d1f2ac5944d5b5e841b3695c613b3f263e5bbf7/ty-0.0.55.tar.gz", hash = "sha256:88ca87073825a79a8327c550efcc86cec94344890244c5946f84c9e44a969f31", size = 6040230, upload-time = "2026-06-27T00:27:29.385Z" }
wheels = [
    { url = "https://files.pythonhosted.org/packages/87/a3/1a90ba7e5a61c6d09adb92346ddba97668095fc257b577af433e5ac4f404/ty-0.0.55-py3-none-linux_armv6l.whl", hash = "sha256:31e83eef512d066542fe990fe1a3b814423abd1616376c54e48af7045b3e1749", size = 11677249, upload-time = "2026-06-27T00:26:52.18Z" },
    { url = "https://files.pythonhosted.org/packages/82/3a/669f9aa478c38243e213a2684db1502086026cfadc15bb1b29b7cbde030d/ty-0.0.55-py3-none-macosx_10_12_x86_64.whl", hash = "sha256:ab4bca857950608fea73e269e2da369d43e6467131de85160d68e2fa466fa248", size = 11444180, upload-time = "2026-06-27T00:26:54.576Z" },
    { url = "https://files.pythonhosted.org/packages/15/a4/6a4b2507a53ce6530c66c5b4fe0d58551eb1748ffa9e0696c32fdd55bbd4/ty-0.0.55-py3-none-macosx_11_0_arm64.whl", hash = "sha256:55032bfd31bf2c5355ee81bdc6407b144a1cc7ee41e5681dd1368e4cef2ba327", size = 10963134, upload-time = "2026-06-27T00:26:57.348Z" },
    { url = "https://files.pythonhosted.org/packages/ce/ae/a3b1a0f1cc83b7d258662cb98aa80a720c2e671d0e8fa0d17a4d5d057a7a/ty-0.0.55-py3-none-manylinux_2_17_aarch64.manylinux2014_aarch64.whl", hash = "sha256:ef1e049f69ce65b3c269af67624607f435e1c32319786c1e453ef9611502f295", size = 11493517, upload-time = "2026-06-27T00:26:59.26Z" },
    { url = "https://files.pythonhosted.org/packages/0d/9f/311ce39065a979ef40a9b847f685c8e02464e53adf1671e081eea90640ca/ty-0.0.55-py3-none-manylinux_2_17_armv7l.manylinux2014_armv7l.whl", hash = "sha256:631409975c681d5a280fc5a99b7b32e9e801f33be7567c6b42ec331362f59d7d", size = 11460590, upload-time = "2026-06-27T00:27:01.425Z" },
    { url = "https://files.pythonhosted.org/packages/cd/8f/3bf29aa77bd78aae48275153135a2052fa7d3ccdf1ecabeb99c8773abd66/ty-0.0.55-py3-none-manylinux_2_17_i686.manylinux2014_i686.whl", hash = "sha256:e08cb0436e68b9351555ae8f2697138c9009b4d5b4ae4272232988b2a431a98f", size = 12098430, upload-time = "2026-06-27T00:27:03.596Z" },
    { url = "https://files.pythonhosted.org/packages/bc/6e/e88411a88240b94640bba06fb6d0d92b247fbeef47ee2bc71f39e58c2558/ty-0.0.55-py3-none-manylinux_2_17_ppc64le.manylinux2014_ppc64le.whl", hash = "sha256:16c215ad9f823829409b94ee188cfaa4563f6e1384f6ce3fecb1db75f6c7cf7c", size = 12673086, upload-time = "2026-06-27T00:27:05.589Z" },
    { url = "https://files.pythonhosted.org/packages/6c/7e/8f1762fb7f9245a68ba5ae338d73c59403ce57554e5d311b8bb55027b0ec/ty-0.0.55-py3-none-manylinux_2_17_s390x.manylinux2014_s390x.whl", hash = "sha256:b510eb8f4032baf11b7aee2f1d53babc3b4ca03939b9cdcf6a9d15761d575188", size = 12242559, upload-time = "2026-06-27T00:27:07.714Z" },
    { url = "https://files.pythonhosted.org/packages/72/1f/143657daf2670d977dac83435f1fe03d4843efb798d8e1e75950e541aadd/ty-0.0.55-py3-none-manylinux_2_17_x86_64.manylinux2014_x86_64.whl", hash = "sha256:0ddc05e7959709c3b9b83aa627128a80446865e3c1a4882638dcff6d776dc34a", size = 12021409, upload-time = "2026-06-27T00:27:09.881Z" },
    { url = "https://files.pythonhosted.org/packages/6d/30/69487c439dd1fad3a4a3d96f0a472193de297eaba6fc4b8ea687ce434ac2/ty-0.0.55-py3-none-manylinux_2_31_riscv64.whl", hash = "sha256:636e8e5078787b8c6916c94e1406719f10189a4ca6b37b813a5922ce5857a8c7", size = 12303807, upload-time = "2026-06-27T00:27:11.986Z" },
    { url = "https://files.pythonhosted.org/packages/e8/ca/cd88b6493dafc7db077f5e17c0438eb3af6e2d6d08f616dbb52a8ddfd567/ty-0.0.55-py3-none-musllinux_1_2_aarch64.whl", hash = "sha256:ef7d6deaacb73fec603666b5471f1dc5a5699aa84e11a6d4d644dd07ca72121e", size = 11441263, upload-time = "2026-06-27T00:27:14.087Z" },
    { url = "https://files.pythonhosted.org/packages/aa/fe/66b6915671653ab739f71e4f1b0528e69da64429b7ebf3840c625b6e43f2/ty-0.0.55-py3-none-musllinux_1_2_armv7l.whl", hash = "sha256:9aeea0fe5875d3cf37faf0e44d0fdf9669335467749741b8fc0103916fb5cd32", size = 11484584, upload-time = "2026-06-27T00:27:16.311Z" },
    { url = "https://files.pythonhosted.org/packages/4a/4f/7a9c0bbac8b899e9f6c0ec110c6612f52e4db35f6bb17ddc0ef60384fa3e/ty-0.0.55-py3-none-musllinux_1_2_i686.whl", hash = "sha256:0b699c01310dbd2705a07c97c5f4aaeedef61bd9adeea2e7c46aed32401d3576", size = 11759309, upload-time = "2026-06-27T00:27:18.471Z" },
    { url = "https://files.pythonhosted.org/packages/ca/de/b6f8b1b69aa631b5716ef3f985c3b56de0e46c2499cc00d30c402b41f714/ty-0.0.55-py3-none-musllinux_1_2_x86_64.whl", hash = "sha256:32cbeba543e46de2a983ec6d525d8b56514f7422bd1e1b57c44ccf7bfa72c38a", size = 12128755, upload-time = "2026-06-27T00:27:20.55Z" },
    { url = "https://files.pythonhosted.org/packages/7d/90/a912531e51ee7e076b42972479290fa687c0f5e747b7e773f3033164acaa/ty-0.0.55-py3-none-win32.whl", hash = "sha256:52b968e24eb4f7a5c3bd251db1f99f60dd385890356d38fc619d84f1b423446a", size = 11117501, upload-time = "2026-06-27T00:27:22.714Z" },
    { url = "https://files.pythonhosted.org/packages/4c/7a/99d59843bf8908a7f9f4d13fda107dbad07b7faa28ecd7860eacf363fb1c/ty-0.0.55-py3-none-win_amd64.whl", hash = "sha256:bf39cbfdc0add44d94bd3fff1f53c351418d134b6a66b87efdb7876d7b7a2224", size = 12150106, upload-time = "2026-06-27T00:27:24.881Z" },
    { url = "https://files.pythonhosted.org/packages/b3/44/20987505cedf2a865b08482f0eabc181fd9599b062964057ec8a128a4296/ty-0.0.55-py3-none-win_arm64.whl", hash = "sha256:f7f3700a9a060e8f1af11e4fb63fafcaf272b041781f4ccdfda2b3b5c6c1e439", size = 11560157, upload-time = "2026-06-27T00:27:27.332Z" },
]

[[package]]
name = "typing-extensions"
version = "4.14.0"
source = { registry = "https://pypi.org/simple" }
sdist = { url = "https://files.pythonhosted.org/packages/d1/bc/51647cd02527e87d05cb083ccc402f93e441606ff1f01739a62c8ad09ba5/typing_extensions-4.14.0.tar.gz", hash = "sha256:8676b788e32f02ab42d9e7c61324048ae4c6d844a399eebace3d4979d75ceef4", size = 107423, upload-time = "2025-06-02T14:52:11.399Z" }
wheels = [
    { url = "https://files.pythonhosted.org/packages/69/e0/552843e0d356fbb5256d21449fa957fa4eff3bbc135a74a691ee70c7c5da/typing_extensions-4.14.0-py3-none-any.whl", hash = "sha256:a1514509136dd0b477638fc68d6a91497af5076466ad0fa6c338e44e359944af", size = 43839, upload-time = "2025-06-02T14:52:10.026Z" },
]

[[package]]
name = "uv-build"
version = "0.11.25"
source = { registry = "https://pypi.org/simple" }
sdist = { url = "https://files.pythonhosted.org/packages/60/2d/bdcad1d1c28f0cf2937adc85ec3d06e7ac49f35ca4bdaeb371fad7b3f166/uv_build-0.11.25.tar.gz", hash = "sha256:8b5ee3b387e04b8353a62fbedbc9e2624035c7717b4589f297a3cdd6d1026297", size = 404894, upload-time = "2026-06-27T00:48:32.849Z" }
wheels = [
    { url = "https://files.pythonhosted.org/packages/3a/17/6cc24fc4db0732bc5b6dd24c4b7198206d19707a891ad374b647de7f8c27/uv_build-0.11.25-py3-none-linux_armv6l.whl", hash = "sha256:c6e3137fa16f2a83d35f54ad2fa415332a9bfb2dcf222b95e161c622064fb992", size = 1540802, upload-time = "2026-06-27T00:48:08.272Z" },
    { url = "https://files.pythonhosted.org/packages/bf/1e/634aafa5ec33c4b46e867895a22c4c150c90fe1e5376bce387264f603ba4/uv_build-0.11.25-py3-none-macosx_10_12_x86_64.whl", hash = "sha256:8e24ffa746b555a601e4595a45bd92987d1e7e814b6e69aa7602c9c97c2a45c7", size = 1482446, upload-time = "2026-06-27T00:48:09.783Z" },
    { url = "https://files.pythonhosted.org/packages/89/4f/702dfb0dbe3e9dbbc66851c16fe9cb49bde28708d4d599fcd8176454eb5b/uv_build-0.11.25-py3-none-macosx_11_0_arm64.whl", hash = "sha256:66980dbeaf55688052f9378b81c0e257a5a944ad7701d000e18f367672fb1c96", size = 1378482, upload-time = "2026-06-27T00:48:11.004Z" },
    { url = "https://files.pythonhosted.org/packages/fe/3d/0d01834273c11747652252fc6c549c2da62bfda9abbc0eb11bb7fa480073/uv_build-0.11.25-py3-none-manylinux_2_17_aarch64.manylinux2014_aarch64.musllinux_1_1_aarch64.whl", hash = "sha256:f0149b8d0afaac089417357aba142d5aa5d411a6ad0d65a5228888f7d799f35b", size = 1624166, upload-time = "2026-06-27T00:48:12.256Z" },
    { url = "https://files.pythonhosted.org/packages/29/6e/c4347e92cdba08a0f937e640583319cbb073df2f3ff51b120303717c1c13/uv_build-0.11.25-py3-none-manylinux_2_17_armv7l.manylinux2014_armv7l.whl", hash = "sha256:09777babfb12c1cb2fe2b6c473c82b41ab8e743426210f09f9bed2d28cd97ec4", size = 1510112, upload-time = "2026-06-27T00:48:13.565Z" },
    { url = "https://files.pythonhosted.org/packages/e1/3e/4856aca3d1a5905ae9961857b365fd294028c4d4209cb41049182e661419/uv_build-0.11.25-py3-none-manylinux_2_17_i686.manylinux2014_i686.whl", hash = "sha256:daef40cf12f120fd9e31e421f670807f22b41b49d9a9087834fdf70d673bd0cd", size = 1671379, upload-time = "2026-06-27T00:48:15.097Z" },
    { url = "https://files.pythonhosted.org/packages/a5/66/84b48060fef9f6ffd4ddc5d0474705bc34d7890978e9c4c87274b7937562/uv_build-0.11.25-py3-none-manylinux_2_17_ppc64le.manylinux2014_ppc64le.whl", hash = "sha256:3bf685626b45f8286a78c38f14b4af836b02699add13733e0672c811b30c29d8", size = 1701719, upload-time = "2026-06-27T00:48:16.447Z" },
    { url = "https://files.pythonhosted.org/packages/b3/8d/b516d8374caed8c14c95a917c744cea73c538385ebc73eda4a87da3d0279/uv_build-0.11.25-py3-none-manylinux_2_17_s390x.manylinux2014_s390x.whl", hash = "sha256:ff417fbf6d635fae3e442fffcc26875ce98b3d3a5e9fc8a0b333f371f84939ce", size = 1616241, upload-time = "2026-06-27T00:48:17.819Z" },
    { url = "https://files.pythonhosted.org/packages/aa/dc/d89bcdb4ca58ebe894aad13a1c4fe136da98817a258c735b17afdea3d896/uv_build-0.11.25-py3-none-manylinux_2_17_x86_64.manylinux2014_x86_64.whl", hash = "sha256:97b3c2e91fc17bb0799d5e50379f571f9a467bd34c7c882f6f1f4df827872e5c", size = 1629651, upload-time = "2026-06-27T00:48:19.301Z" },
    { url = "https://files.pythonhosted.org/packages/76/b9/fc4b3ec1d6c6fc7ced736090396b013995c0cd27773c06c3a35e4260fde0/uv_build-0.11.25-py3-none-manylinux_2_28_aarch64.whl", hash = "sha256:eb5446d110e7ab724dae729909157eadec58357cd2817a94b678ed4736cac014", size = 1620640, upload-time = "2026-06-27T00:48:20.509Z" },
    { url = "https://files.pythonhosted.org/packages/b6/4a/cd0246d0c9beae54a85f2b2fc9fbf24e5ad2d3bb116027284bb742942860/uv_build-0.11.25-py3-none-manylinux_2_31_riscv64.whl", hash = "sha256:9557468703c706a9fa22809824b67ede1e1ef10d913d283dbd7a39b8e9408816", size = 1585019, upload-time = "2026-06-27T00:48:21.836Z" },
    { url = "https://files.pythonhosted.org/packages/26/e9/e29087cc5561cdfab50905a4d57b21d0a6b1db3789c4e5614eb5a49e5920/uv_build-0.11.25-py3-none-musllinux_1_1_armv7l.whl", hash = "sha256:77cd8b466cde4dcff506ae5b9a58df06f1c24dde688351ea1629dfac49169760", size = 1526704, upload-time = "2026-06-27T00:48:23.318Z" },
    { url = "https://files.pythonhosted.org/packages/ee/17/78f565b2390b7cd5be76e486d48fb7067fc5ac4e9c64594648b3c8616d18/uv_build-0.11.25-py3-none-musllinux_1_1_i686.whl", hash = "sha256:b8e6558a6cc06d5bd88998288e438916e311ab712295d6fd76f9c83f1d11ccc5", size = 1621372, upload-time = "2026-06-27T00:48:24.649Z" },
    { url = "https://files.pythonhosted.org/packages/65/4d/82a52099ac186004776824fcabfc2fba1c4066d9211b519f7313be39179e/uv_build-0.11.25-py3-none-musllinux_1_1_riscv64.whl", hash = "sha256:88bde5b4594a96e3d99321b4fad39a59cb7bb74f699c09740d806e083993991c", size = 1612252, upload-time = "2026-06-27T00:48:25.977Z" },
    { url = "https://files.pythonhosted.org/packages/5a/a5/68d1f443b5d581bb4e81afbb05a4a7c8eafa309aa87d74a029848dc1a032/uv_build-0.11.25-py3-none-musllinux_1_1_x86_64.whl", hash = "sha256:d009d2f75e73b366135b721880f777920996bc1de0afcdef4fced1058215ecd5", size = 1690753, upload-time = "2026-06-27T00:48:27.167Z" },
    { url = "https://files.pythonhosted.org/packages/81/14/29b13503696d69d7b535e1863b3fa160f5a53da6c4bace126bce6bba943a/uv_build-0.11.25-py3-none-win32.whl", hash = "sha256:8f0367f0cb5a87cac32411635a9b47ee4fd1248185191a55450c4c9c7cd0d0de", size = 1467075, upload-time = "2026-06-27T00:48:28.766Z" },
    { url = "https://files.pythonhosted.org/packages/ef/f0/84d7afc27de573c201ff1ec105ae15ddacb673f4cec87d42339c09e0834a/uv_build-0.11.25-py3-none-win_amd64.whl", hash = "sha256:90fcd4f775a391fa52e43f0b28e9b525c380163a7f053bc49af960499ea959be", size = 1538350, upload-time = "2026-06-27T00:48:30.248Z" },
    { url = "https://files.pythonhosted.org/packages/b7/c3/7c4b171c4e89d84423de1d5b5427ed6f0b544fd0fead99d94a1c48e3bd41/uv_build-0.11.25-py3-none-win_arm64.whl", hash = "sha256:ccd29c141911b7484cc9fb39bb6f3718907217403ad5440227f6464adb40ba76", size = 1455560, upload-time = "2026-06-27T00:48:31.581Z" },
]
